
Microsoft Visual Studio Solution File, Format Version 12.00
# Visual Studio Version 16
VisualStudioVersion = 16.0.30114.105
MinimumVisualStudioVersion = 10.0.40219.1
Project("{FAE04EC0-301F-11D3-BF4B-00C04F79EFBC}") = "SenparcCourse", "SenparcCourse.csproj", "{9DCF4B04-A8AC-41C6-B205-06A2ECABC23B}"
EndProject
Project("{FAE04EC0-301F-11D3-BF4B-00C04F79EFBC}") = "SenparcCourse.Tests", "..\SenparcCourse.Tests\SenparcCourse.Tests.csproj", "{A904C305-BE55-461A-8F7D-8BC54F054854}"
EndProject
Project("{FAE04EC0-301F-11D3-BF4B-00C04F79EFBC}") = "SenparcCourse.Service", "..\SenparcCourse.Service\SenparcCourse.Service.csproj", "{78545F79-B91B-4916-B441-FE9DAA16C96B}"
EndProject
Global
	GlobalSection(SolutionConfigurationPlatforms) = preSolution
		Debug|Any CPU = Debug|Any CPU
		Release|Any CPU = Release|Any CPU
	EndGlobalSection
	GlobalSection(ProjectConfigurationPlatforms) = postSolution
		{9DCF4B04-A8AC-41C6-B205-06A2ECABC23B}.Debug|Any CPU.ActiveCfg = Debug|Any CPU
		{9DCF4B04-A8AC-41C6-B205-06A2ECABC23B}.Debug|Any CPU.Build.0 = Debug|Any CPU
		{9DCF4B04-A8AC-41C6-B205-06A2ECABC23B}.Release|Any CPU.ActiveCfg = Release|Any CPU
		{9DCF4B04-A8AC-41C6-B205-06A2ECABC23B}.Release|Any CPU.Build.0 = Release|Any CPU
		{A904C305-BE55-461A-8F7D-8BC54F054854}.Debug|Any CPU.ActiveCfg = Debug|Any CPU
		{A904C305-BE55-461A-8F7D-8BC54F054854}.Debug|Any CPU.Build.0 = Debug|Any CPU
		{A904C305-BE55-461A-8F7D-8BC54F054854}.Release|Any CPU.ActiveCfg = Release|Any CPU
		{A904C305-BE55-461A-8F7D-8BC54F054854}.Release|Any CPU.Build.0 = Release|Any CPU
		{78545F79-B91B-4916-B441-FE9DAA16C96B}.Debug|Any CPU.ActiveCfg = Debug|Any CPU
		{78545F79-B91B-4916-B441-FE9DAA16C96B}.Debug|Any CPU.Build.0 = Debug|Any CPU
		{78545F79-B91B-4916-B441-FE9DAA16C96B}.Release|Any CPU.ActiveCfg = Release|Any CPU
		{78545F79-B91B-4916-B441-FE9DAA16C96B}.Release|Any CPU.Build.0 = Release|Any CPU
	EndGlobalSection
	GlobalSection(SolutionProperties) = preSolution
		HideSolutionNode = FALSE
	EndGlobalSection
	GlobalSection(ExtensibilityGlobals) = postSolution
		SolutionGuid = {19A2FE60-A324-4EF6-970E-53CEC0DC850E}
	EndGlobalSection
EndGlobal
